
Microsoft Visual Studio Solution File, Format Version 12.00
# Visual Studio Version 16
VisualStudioVersion = 16.0.30011.22
MinimumVisualStudioVersion = 10.0.40219.1
Project("{2150E333-8FDC-42A3-9474-1A3956D46DE8}") = "Blog.Data", "Blog.Data", "{4E6792D6-D24D-439B-973E-9A8915D63F10}"
EndProject
Project("{2150E333-8FDC-42A3-9474-1A3956D46DE8}") = "Blog.Common", "Blog.Common", "{4126D168-3B27-4F21-85BF-2BD31D290BBB}"
EndProject
Project("{2150E333-8FDC-42A3-9474-1A3956D46DE8}") = "Blog.Func", "Blog.Func", "{36B0D8B5-3A45-44FA-853E-FDF398EC4910}"
EndProject
Project("{2150E333-8FDC-42A3-9474-1A3956D46DE8}") = "Blog.Login", "Blog.Login", "{D6843B9D-1864-4FCA-9638-9BD9C048732F}"
EndProject
Project("{2150E333-8FDC-42A3-9474-1A3956D46DE8}") = "Blog.Utils", "Blog.Utils", "{27681FE1-2780-4F0E-982D-39FB9C13F56F}"
EndProject
Project("{9A19103F-16F7-4668-BE54-9A1E7A4F7556}") = "Blog.FileServer", "Blog.FileServer\Blog.FileServer.csproj", "{E1AC22D3-B61C-4268-959E-635ABBE60ACC}"
EndProject
Project("{9A19103F-16F7-4668-BE54-9A1E7A4F7556}") = "Blog.App", "Blog.MyBlog\Blog.App.csproj", "{C0E527BB-1E76-4D82-B8E4-E98DC569E4FB}"
EndProject
Project("{9A19103F-16F7-4668-BE54-9A1E7A4F7556}") = "Common", "Blog.Common\Common.csproj", "{74A804F8-9A04-449C-BD94-E9B4337C209C}"
EndProject
Project("{9A19103F-16F7-4668-BE54-9A1E7A4F7556}") = "Context", "Blog.Data\Context.csproj", "{D89BFA04-A124-425F-BDDE-D7316D8482C3}"
EndProject
Project("{9A19103F-16F7-4668-BE54-9A1E7A4F7556}") = "Models", "Blog.DataModels\Models.csproj", "{8668B94A-3963-4847-AD00-045746DBC514}"
EndProject
Project("{9A19103F-16F7-4668-BE54-9A1E7A4F7556}") = "Login", "Blog.Login\Login.csproj", "{0967E366-BFCE-492D-9F30-B03FD982C1AB}"
EndProject
Project("{9A19103F-16F7-4668-BE54-9A1E7A4F7556}") = "Func", "Blog.Func\Func.csproj", "{6FD25695-E911-4BD8-B651-F4A75F64DE50}"
EndProject
Project("{9A19103F-16F7-4668-BE54-9A1E7A4F7556}") = "Utils", "Blog.Utils\Utils.csproj", "{1E797B63-E691-44E9-9C0D-74C3171DE03B}"
EndProject
Global
	GlobalSection(SolutionConfigurationPlatforms) = preSolution
		Debug|Any CPU = Debug|Any CPU
		Release|Any CPU = Release|Any CPU
	EndGlobalSection
	GlobalSection(ProjectConfigurationPlatforms) = postSolution
		{E1AC22D3-B61C-4268-959E-635ABBE60ACC}.Debug|Any CPU.ActiveCfg = Debug|Any CPU
		{E1AC22D3-B61C-4268-959E-635ABBE60ACC}.Debug|Any CPU.Build.0 = Debug|Any CPU
		{E1AC22D3-B61C-4268-959E-635ABBE60ACC}.Release|Any CPU.ActiveCfg = Release|Any CPU
		{E1AC22D3-B61C-4268-959E-635ABBE60ACC}.Release|Any CPU.Build.0 = Release|Any CPU
		{C0E527BB-1E76-4D82-B8E4-E98DC569E4FB}.Debug|Any CPU.ActiveCfg = Debug|Any CPU
		{C0E527BB-1E76-4D82-B8E4-E98DC569E4FB}.Debug|Any CPU.Build.0 = Debug|Any CPU
		{C0E527BB-1E76-4D82-B8E4-E98DC569E4FB}.Release|Any CPU.ActiveCfg = Release|Any CPU
		{C0E527BB-1E76-4D82-B8E4-E98DC569E4FB}.Release|Any CPU.Build.0 = Release|Any CPU
		{74A804F8-9A04-449C-BD94-E9B4337C209C}.Debug|Any CPU.ActiveCfg = Debug|Any CPU
		{74A804F8-9A04-449C-BD94-E9B4337C209C}.Debug|Any CPU.Build.0 = Debug|Any CPU
		{74A804F8-9A04-449C-BD94-E9B4337C209C}.Release|Any CPU.ActiveCfg = Release|Any CPU
		{74A804F8-9A04-449C-BD94-E9B4337C209C}.Release|Any CPU.Build.0 = Release|Any CPU
		{D89BFA04-A124-425F-BDDE-D7316D8482C3}.Debug|Any CPU.ActiveCfg = Debug|Any CPU
		{D89BFA04-A124-425F-BDDE-D7316D8482C3}.Debug|Any CPU.Build.0 = Debug|Any CPU
		{D89BFA04-A124-425F-BDDE-D7316D8482C3}.Release|Any CPU.ActiveCfg = Release|Any CPU
		{D89BFA04-A124-425F-BDDE-D7316D8482C3}.Release|Any CPU.Build.0 = Release|Any CPU
		{8668B94A-3963-4847-AD00-045746DBC514}.Debug|Any CPU.ActiveCfg = Debug|Any CPU
		{8668B94A-3963-4847-AD00-045746DBC514}.Debug|Any CPU.Build.0 = Debug|Any CPU
		{8668B94A-3963-4847-AD00-045746DBC514}.Release|Any CPU.ActiveCfg = Release|Any CPU
		{8668B94A-3963-4847-AD00-045746DBC514}.Release|Any CPU.Build.0 = Release|Any CPU
		{0967E366-BFCE-492D-9F30-B03FD982C1AB}.Debug|Any CPU.ActiveCfg = Debug|Any CPU
		{0967E366-BFCE-492D-9F30-B03FD982C1AB}.Debug|Any CPU.Build.0 = Debug|Any CPU
		{0967E366-BFCE-492D-9F30-B03FD982C1AB}.Release|Any CPU.ActiveCfg = Release|Any CPU
		{0967E366-BFCE-492D-9F30-B03FD982C1AB}.Release|Any CPU.Build.0 = Release|Any CPU
		{6FD25695-E911-4BD8-B651-F4A75F64DE50}.Debug|Any CPU.ActiveCfg = Debug|Any CPU
		{6FD25695-E911-4BD8-B651-F4A75F64DE50}.Debug|Any CPU.Build.0 = Debug|Any CPU
		{6FD25695-E911-4BD8-B651-F4A75F64DE50}.Release|Any CPU.ActiveCfg = Release|Any CPU
		{6FD25695-E911-4BD8-B651-F4A75F64DE50}.Release|Any CPU.Build.0 = Release|Any CPU
		{1E797B63-E691-44E9-9C0D-74C3171DE03B}.Debug|Any CPU.ActiveCfg = Debug|Any CPU
		{1E797B63-E691-44E9-9C0D-74C3171DE03B}.Debug|Any CPU.Build.0 = Debug|Any CPU
		{1E797B63-E691-44E9-9C0D-74C3171DE03B}.Release|Any CPU.ActiveCfg = Release|Any CPU
		{1E797B63-E691-44E9-9C0D-74C3171DE03B}.Release|Any CPU.Build.0 = Release|Any CPU
	EndGlobalSection
	GlobalSection(SolutionProperties) = preSolution
		HideSolutionNode = FALSE
	EndGlobalSection
	GlobalSection(NestedProjects) = preSolution
		{74A804F8-9A04-449C-BD94-E9B4337C209C} = {4126D168-3B27-4F21-85BF-2BD31D290BBB}
		{D89BFA04-A124-425F-BDDE-D7316D8482C3} = {4E6792D6-D24D-439B-973E-9A8915D63F10}
		{8668B94A-3963-4847-AD00-045746DBC514} = {4E6792D6-D24D-439B-973E-9A8915D63F10}
		{0967E366-BFCE-492D-9F30-B03FD982C1AB} = {D6843B9D-1864-4FCA-9638-9BD9C048732F}
		{6FD25695-E911-4BD8-B651-F4A75F64DE50} = {36B0D8B5-3A45-44FA-853E-FDF398EC4910}
		{1E797B63-E691-44E9-9C0D-74C3171DE03B} = {27681FE1-2780-4F0E-982D-39FB9C13F56F}
	EndGlobalSection
	GlobalSection(ExtensibilityGlobals) = postSolution
		SolutionGuid = {B141ADF2-1144-4422-9F28-D43574DFFDD7}
	EndGlobalSection
EndGlobal
